
Microsoft Visual Studio Solution File, Format Version 12.00
# Visual Studio 2012
Project("{FAE04EC0-301F-11D3-BF4B-00C04F79EFBC}") = "BottomTabbedPage.Demo", "BottomTabbedPage.Demo\BottomTabbedPage.Demo.csproj", "{DEFB4EE7-1350-4DDC-BE1C-2F6BBAD93527}"
EndProject
Project("{FAE04EC0-301F-11D3-BF4B-00C04F79EFBC}") = "BottomTabbedPage.Demo.iOS", "iOS\BottomTabbedPage.Demo.iOS.csproj", "{6A399F3A-3F63-4680-A228-B7FEFBBE3B4B}"
EndProject
Project("{FAE04EC0-301F-11D3-BF4B-00C04F79EFBC}") = "BottomTabbedPage.Demo.Droid", "Droid\BottomTabbedPage.Demo.Droid.csproj", "{98E4BF61-0B7E-4F8F-A599-78235D272669}"
EndProject
Global
	GlobalSection(SolutionConfigurationPlatforms) = preSolution
		Debug|Any CPU = Debug|Any CPU
		Release|Any CPU = Release|Any CPU
		Debug|iPhoneSimulator = Debug|iPhoneSimulator
		Release|iPhone = Release|iPhone
		Release|iPhoneSimulator = Release|iPhoneSimulator
		Debug|iPhone = Debug|iPhone
	EndGlobalSection
	GlobalSection(ProjectConfigurationPlatforms) = postSolution
		{DEFB4EE7-1350-4DDC-BE1C-2F6BBAD93527}.Debug|Any CPU.ActiveCfg = Debug|Any CPU
		{DEFB4EE7-1350-4DDC-BE1C-2F6BBAD93527}.Debug|Any CPU.Build.0 = Debug|Any CPU
		{DEFB4EE7-1350-4DDC-BE1C-2F6BBAD93527}.Release|Any CPU.ActiveCfg = Release|Any CPU
		{DEFB4EE7-1350-4DDC-BE1C-2F6BBAD93527}.Release|Any CPU.Build.0 = Release|Any CPU
		{DEFB4EE7-1350-4DDC-BE1C-2F6BBAD93527}.Debug|iPhoneSimulator.ActiveCfg = Debug|Any CPU
		{DEFB4EE7-1350-4DDC-BE1C-2F6BBAD93527}.Debug|iPhoneSimulator.Build.0 = Debug|Any CPU
		{DEFB4EE7-1350-4DDC-BE1C-2F6BBAD93527}.Release|iPhone.ActiveCfg = Release|Any CPU
		{DEFB4EE7-1350-4DDC-BE1C-2F6BBAD93527}.Release|iPhone.Build.0 = Release|Any CPU
		{DEFB4EE7-1350-4DDC-BE1C-2F6BBAD93527}.Release|iPhoneSimulator.ActiveCfg = Release|Any CPU
		{DEFB4EE7-1350-4DDC-BE1C-2F6BBAD93527}.Release|iPhoneSimulator.Build.0 = Release|Any CPU
		{DEFB4EE7-1350-4DDC-BE1C-2F6BBAD93527}.Debug|iPhone.ActiveCfg = Debug|Any CPU
		{DEFB4EE7-1350-4DDC-BE1C-2F6BBAD93527}.Debug|iPhone.Build.0 = Debug|Any CPU
		{6A399F3A-3F63-4680-A228-B7FEFBBE3B4B}.Debug|Any CPU.ActiveCfg = Debug|iPhoneSimulator
		{6A399F3A-3F63-4680-A228-B7FEFBBE3B4B}.Debug|Any CPU.Build.0 = Debug|iPhoneSimulator
		{6A399F3A-3F63-4680-A228-B7FEFBBE3B4B}.Release|Any CPU.ActiveCfg = Release|iPhone
		{6A399F3A-3F63-4680-A228-B7FEFBBE3B4B}.Release|Any CPU.Build.0 = Release|iPhone
		{6A399F3A-3F63-4680-A228-B7FEFBBE3B4B}.Debug|iPhoneSimulator.ActiveCfg = Debug|iPhoneSimulator
		{6A399F3A-3F63-4680-A228-B7FEFBBE3B4B}.Debug|iPhoneSimulator.Build.0 = Debug|iPhoneSimulator
		{6A399F3A-3F63-4680-A228-B7FEFBBE3B4B}.Release|iPhone.ActiveCfg = Release|iPhone
		{6A399F3A-3F63-4680-A228-B7FEFBBE3B4B}.Release|iPhone.Build.0 = Release|iPhone
		{6A399F3A-3F63-4680-A228-B7FEFBBE3B4B}.Release|iPhoneSimulator.ActiveCfg = Release|iPhoneSimulator
		{6A399F3A-3F63-4680-A228-B7FEFBBE3B4B}.Release|iPhoneSimulator.Build.0 = Release|iPhoneSimulator
		{6A399F3A-3F63-4680-A228-B7FEFBBE3B4B}.Debug|iPhone.ActiveCfg = Debug|iPhone
		{6A399F3A-3F63-4680-A228-B7FEFBBE3B4B}.Debug|iPhone.Build.0 = Debug|iPhone
		{98E4BF61-0B7E-4F8F-A599-78235D272669}.Debug|Any CPU.ActiveCfg = Debug|Any CPU
		{98E4BF61-0B7E-4F8F-A599-78235D272669}.Debug|Any CPU.Build.0 = Debug|Any CPU
		{98E4BF61-0B7E-4F8F-A599-78235D272669}.Release|Any CPU.ActiveCfg = Release|Any CPU
		{98E4BF61-0B7E-4F8F-A599-78235D272669}.Release|Any CPU.Build.0 = Release|Any CPU
		{98E4BF61-0B7E-4F8F-A599-78235D272669}.Debug|iPhoneSimulator.ActiveCfg = Debug|Any CPU
		{98E4BF61-0B7E-4F8F-A599-78235D272669}.Debug|iPhoneSimulator.Build.0 = Debug|Any CPU
		{98E4BF61-0B7E-4F8F-A599-78235D272669}.Release|iPhone.ActiveCfg = Release|Any CPU
		{98E4BF61-0B7E-4F8F-A599-78235D272669}.Release|iPhone.Build.0 = Release|Any CPU
		{98E4BF61-0B7E-4F8F-A599-78235D272669}.Release|iPhoneSimulator.ActiveCfg = Release|Any CPU
		{98E4BF61-0B7E-4F8F-A599-78235D272669}.Release|iPhoneSimulator.Build.0 = Release|Any CPU
		{98E4BF61-0B7E-4F8F-A599-78235D272669}.Debug|iPhone.ActiveCfg = Debug|Any CPU
		{98E4BF61-0B7E-4F8F-A599-78235D272669}.Debug|iPhone.Build.0 = Debug|Any CPU
	EndGlobalSection
EndGlobal
