
Microsoft Visual Studio Solution File, Format Version 12.00
# Visual Studio 15
VisualStudioVersion = 15.0.26403.7
MinimumVisualStudioVersion = 10.0.40219.1
Project("{FAE04EC0-301F-11D3-BF4B-00C04F79EFBC}") = "Naxam.BottomNavs.Forms", "Naxam.BottomNavs.Forms\Naxam.BottomNavs.Forms.csproj", "{67F9D3A8-F71E-4428-913F-C37AE82CDB24}"
EndProject
Project("{FAE04EC0-301F-11D3-BF4B-00C04F79EFBC}") = "Naxam.BottomNavs.Platform.Droid", "Naxam.BottomNavs.Platform.Droid\Naxam.BottomNavs.Platform.Droid.csproj", "{15E1D24C-EAEF-479A-9D1A-622B308EF768}"
EndProject
Project("{D954291E-2A0B-460D-934E-DC6B0785DB48}") = "Demo", "Demo\Demo\Demo.shproj", "{D75A81A6-771F-4356-ACC6-49720C5AA344}"
EndProject
Project("{FAE04EC0-301F-11D3-BF4B-00C04F79EFBC}") = "Demo.Android", "Demo\Demo.Android\Demo.Android.csproj", "{A9B4B765-2AFA-47DC-A19B-923183ECCBD7}"
EndProject
Project("{FAE04EC0-301F-11D3-BF4B-00C04F79EFBC}") = "Demo.iOS", "Demo\Demo.iOS\Demo.iOS.csproj", "{79D9DE24-B448-4CB5-976E-C633FA2706CB}"
EndProject
Global
	GlobalSection(SharedMSBuildProjectFiles) = preSolution
		Demo\Demo\Demo.projitems*{79d9de24-b448-4cb5-976e-c633fa2706cb}*SharedItemsImports = 4
		Demo\Demo\Demo.projitems*{a9b4b765-2afa-47dc-a19b-923183eccbd7}*SharedItemsImports = 4
		Demo\Demo\Demo.projitems*{d75a81a6-771f-4356-acc6-49720c5aa344}*SharedItemsImports = 13
	EndGlobalSection
	GlobalSection(SolutionConfigurationPlatforms) = preSolution
		Ad-Hoc|Any CPU = Ad-Hoc|Any CPU
		Ad-Hoc|iPhone = Ad-Hoc|iPhone
		Ad-Hoc|iPhoneSimulator = Ad-Hoc|iPhoneSimulator
		AppStore|Any CPU = AppStore|Any CPU
		AppStore|iPhone = AppStore|iPhone
		AppStore|iPhoneSimulator = AppStore|iPhoneSimulator
		Debug|Any CPU = Debug|Any CPU
		Debug|iPhone = Debug|iPhone
		Debug|iPhoneSimulator = Debug|iPhoneSimulator
		Release|Any CPU = Release|Any CPU
		Release|iPhone = Release|iPhone
		Release|iPhoneSimulator = Release|iPhoneSimulator
	EndGlobalSection
	GlobalSection(ProjectConfigurationPlatforms) = postSolution
		{67F9D3A8-F71E-4428-913F-C37AE82CDB24}.Ad-Hoc|Any CPU.ActiveCfg = Release|Any CPU
		{67F9D3A8-F71E-4428-913F-C37AE82CDB24}.Ad-Hoc|Any CPU.Build.0 = Release|Any CPU
		{67F9D3A8-F71E-4428-913F-C37AE82CDB24}.Ad-Hoc|iPhone.ActiveCfg = Release|Any CPU
		{67F9D3A8-F71E-4428-913F-C37AE82CDB24}.Ad-Hoc|iPhone.Build.0 = Release|Any CPU
		{67F9D3A8-F71E-4428-913F-C37AE82CDB24}.Ad-Hoc|iPhoneSimulator.ActiveCfg = Release|Any CPU
		{67F9D3A8-F71E-4428-913F-C37AE82CDB24}.Ad-Hoc|iPhoneSimulator.Build.0 = Release|Any CPU
		{67F9D3A8-F71E-4428-913F-C37AE82CDB24}.AppStore|Any CPU.ActiveCfg = Release|Any CPU
		{67F9D3A8-F71E-4428-913F-C37AE82CDB24}.AppStore|Any CPU.Build.0 = Release|Any CPU
		{67F9D3A8-F71E-4428-913F-C37AE82CDB24}.AppStore|iPhone.ActiveCfg = Release|Any CPU
		{67F9D3A8-F71E-4428-913F-C37AE82CDB24}.AppStore|iPhone.Build.0 = Release|Any CPU
		{67F9D3A8-F71E-4428-913F-C37AE82CDB24}.AppStore|iPhoneSimulator.ActiveCfg = Release|Any CPU
		{67F9D3A8-F71E-4428-913F-C37AE82CDB24}.AppStore|iPhoneSimulator.Build.0 = Release|Any CPU
		{67F9D3A8-F71E-4428-913F-C37AE82CDB24}.Debug|Any CPU.ActiveCfg = Debug|Any CPU
		{67F9D3A8-F71E-4428-913F-C37AE82CDB24}.Debug|Any CPU.Build.0 = Debug|Any CPU
		{67F9D3A8-F71E-4428-913F-C37AE82CDB24}.Debug|iPhone.ActiveCfg = Debug|Any CPU
		{67F9D3A8-F71E-4428-913F-C37AE82CDB24}.Debug|iPhone.Build.0 = Debug|Any CPU
		{67F9D3A8-F71E-4428-913F-C37AE82CDB24}.Debug|iPhoneSimulator.ActiveCfg = Debug|Any CPU
		{67F9D3A8-F71E-4428-913F-C37AE82CDB24}.Debug|iPhoneSimulator.Build.0 = Debug|Any CPU
		{67F9D3A8-F71E-4428-913F-C37AE82CDB24}.Release|Any CPU.ActiveCfg = Release|Any CPU
		{67F9D3A8-F71E-4428-913F-C37AE82CDB24}.Release|Any CPU.Build.0 = Release|Any CPU
		{67F9D3A8-F71E-4428-913F-C37AE82CDB24}.Release|iPhone.ActiveCfg = Release|Any CPU
		{67F9D3A8-F71E-4428-913F-C37AE82CDB24}.Release|iPhone.Build.0 = Release|Any CPU
		{67F9D3A8-F71E-4428-913F-C37AE82CDB24}.Release|iPhoneSimulator.ActiveCfg = Release|Any CPU
		{67F9D3A8-F71E-4428-913F-C37AE82CDB24}.Release|iPhoneSimulator.Build.0 = Release|Any CPU
		{15E1D24C-EAEF-479A-9D1A-622B308EF768}.Ad-Hoc|Any CPU.ActiveCfg = Release|Any CPU
		{15E1D24C-EAEF-479A-9D1A-622B308EF768}.Ad-Hoc|Any CPU.Build.0 = Release|Any CPU
		{15E1D24C-EAEF-479A-9D1A-622B308EF768}.Ad-Hoc|iPhone.ActiveCfg = Release|Any CPU
		{15E1D24C-EAEF-479A-9D1A-622B308EF768}.Ad-Hoc|iPhone.Build.0 = Release|Any CPU
		{15E1D24C-EAEF-479A-9D1A-622B308EF768}.Ad-Hoc|iPhoneSimulator.ActiveCfg = Release|Any CPU
		{15E1D24C-EAEF-479A-9D1A-622B308EF768}.Ad-Hoc|iPhoneSimulator.Build.0 = Release|Any CPU
		{15E1D24C-EAEF-479A-9D1A-622B308EF768}.AppStore|Any CPU.ActiveCfg = Release|Any CPU
		{15E1D24C-EAEF-479A-9D1A-622B308EF768}.AppStore|Any CPU.Build.0 = Release|Any CPU
		{15E1D24C-EAEF-479A-9D1A-622B308EF768}.AppStore|iPhone.ActiveCfg = Release|Any CPU
		{15E1D24C-EAEF-479A-9D1A-622B308EF768}.AppStore|iPhone.Build.0 = Release|Any CPU
		{15E1D24C-EAEF-479A-9D1A-622B308EF768}.AppStore|iPhoneSimulator.ActiveCfg = Release|Any CPU
		{15E1D24C-EAEF-479A-9D1A-622B308EF768}.AppStore|iPhoneSimulator.Build.0 = Release|Any CPU
		{15E1D24C-EAEF-479A-9D1A-622B308EF768}.Debug|Any CPU.ActiveCfg = Debug|Any CPU
		{15E1D24C-EAEF-479A-9D1A-622B308EF768}.Debug|Any CPU.Build.0 = Debug|Any CPU
		{15E1D24C-EAEF-479A-9D1A-622B308EF768}.Debug|iPhone.ActiveCfg = Debug|Any CPU
		{15E1D24C-EAEF-479A-9D1A-622B308EF768}.Debug|iPhone.Build.0 = Debug|Any CPU
		{15E1D24C-EAEF-479A-9D1A-622B308EF768}.Debug|iPhoneSimulator.ActiveCfg = Debug|Any CPU
		{15E1D24C-EAEF-479A-9D1A-622B308EF768}.Debug|iPhoneSimulator.Build.0 = Debug|Any CPU
		{15E1D24C-EAEF-479A-9D1A-622B308EF768}.Release|Any CPU.ActiveCfg = Release|Any CPU
		{15E1D24C-EAEF-479A-9D1A-622B308EF768}.Release|Any CPU.Build.0 = Release|Any CPU
		{15E1D24C-EAEF-479A-9D1A-622B308EF768}.Release|iPhone.ActiveCfg = Release|Any CPU
		{15E1D24C-EAEF-479A-9D1A-622B308EF768}.Release|iPhone.Build.0 = Release|Any CPU
		{15E1D24C-EAEF-479A-9D1A-622B308EF768}.Release|iPhoneSimulator.ActiveCfg = Release|Any CPU
		{15E1D24C-EAEF-479A-9D1A-622B308EF768}.Release|iPhoneSimulator.Build.0 = Release|Any CPU
		{A9B4B765-2AFA-47DC-A19B-923183ECCBD7}.Ad-Hoc|Any CPU.ActiveCfg = Release|Any CPU
		{A9B4B765-2AFA-47DC-A19B-923183ECCBD7}.Ad-Hoc|Any CPU.Build.0 = Release|Any CPU
		{A9B4B765-2AFA-47DC-A19B-923183ECCBD7}.Ad-Hoc|Any CPU.Deploy.0 = Release|Any CPU
		{A9B4B765-2AFA-47DC-A19B-923183ECCBD7}.Ad-Hoc|iPhone.ActiveCfg = Release|Any CPU
		{A9B4B765-2AFA-47DC-A19B-923183ECCBD7}.Ad-Hoc|iPhone.Build.0 = Release|Any CPU
		{A9B4B765-2AFA-47DC-A19B-923183ECCBD7}.Ad-Hoc|iPhone.Deploy.0 = Release|Any CPU
		{A9B4B765-2AFA-47DC-A19B-923183ECCBD7}.Ad-Hoc|iPhoneSimulator.ActiveCfg = Release|Any CPU
		{A9B4B765-2AFA-47DC-A19B-923183ECCBD7}.Ad-Hoc|iPhoneSimulator.Build.0 = Release|Any CPU
		{A9B4B765-2AFA-47DC-A19B-923183ECCBD7}.Ad-Hoc|iPhoneSimulator.Deploy.0 = Release|Any CPU
		{A9B4B765-2AFA-47DC-A19B-923183ECCBD7}.AppStore|Any CPU.ActiveCfg = Release|Any CPU
		{A9B4B765-2AFA-47DC-A19B-923183ECCBD7}.AppStore|Any CPU.Build.0 = Release|Any CPU
		{A9B4B765-2AFA-47DC-A19B-923183ECCBD7}.AppStore|Any CPU.Deploy.0 = Release|Any CPU
		{A9B4B765-2AFA-47DC-A19B-923183ECCBD7}.AppStore|iPhone.ActiveCfg = Release|Any CPU
		{A9B4B765-2AFA-47DC-A19B-923183ECCBD7}.AppStore|iPhone.Build.0 = Release|Any CPU
		{A9B4B765-2AFA-47DC-A19B-923183ECCBD7}.AppStore|iPhone.Deploy.0 = Release|Any CPU
		{A9B4B765-2AFA-47DC-A19B-923183ECCBD7}.AppStore|iPhoneSimulator.ActiveCfg = Release|Any CPU
		{A9B4B765-2AFA-47DC-A19B-923183ECCBD7}.AppStore|iPhoneSimulator.Build.0 = Release|Any CPU
		{A9B4B765-2AFA-47DC-A19B-923183ECCBD7}.AppStore|iPhoneSimulator.Deploy.0 = Release|Any CPU
		{A9B4B765-2AFA-47DC-A19B-923183ECCBD7}.Debug|Any CPU.ActiveCfg = Debug|Any CPU
		{A9B4B765-2AFA-47DC-A19B-923183ECCBD7}.Debug|Any CPU.Build.0 = Debug|Any CPU
		{A9B4B765-2AFA-47DC-A19B-923183ECCBD7}.Debug|Any CPU.Deploy.0 = Debug|Any CPU
		{A9B4B765-2AFA-47DC-A19B-923183ECCBD7}.Debug|iPhone.ActiveCfg = Debug|Any CPU
		{A9B4B765-2AFA-47DC-A19B-923183ECCBD7}.Debug|iPhone.Build.0 = Debug|Any CPU
		{A9B4B765-2AFA-47DC-A19B-923183ECCBD7}.Debug|iPhone.Deploy.0 = Debug|Any CPU
		{A9B4B765-2AFA-47DC-A19B-923183ECCBD7}.Debug|iPhoneSimulator.ActiveCfg = Debug|Any CPU
		{A9B4B765-2AFA-47DC-A19B-923183ECCBD7}.Debug|iPhoneSimulator.Build.0 = Debug|Any CPU
		{A9B4B765-2AFA-47DC-A19B-923183ECCBD7}.Debug|iPhoneSimulator.Deploy.0 = Debug|Any CPU
		{A9B4B765-2AFA-47DC-A19B-923183ECCBD7}.Release|Any CPU.ActiveCfg = Release|Any CPU
		{A9B4B765-2AFA-47DC-A19B-923183ECCBD7}.Release|Any CPU.Build.0 = Release|Any CPU
		{A9B4B765-2AFA-47DC-A19B-923183ECCBD7}.Release|Any CPU.Deploy.0 = Release|Any CPU
		{A9B4B765-2AFA-47DC-A19B-923183ECCBD7}.Release|iPhone.ActiveCfg = Release|Any CPU
		{A9B4B765-2AFA-47DC-A19B-923183ECCBD7}.Release|iPhone.Build.0 = Release|Any CPU
		{A9B4B765-2AFA-47DC-A19B-923183ECCBD7}.Release|iPhone.Deploy.0 = Release|Any CPU
		{A9B4B765-2AFA-47DC-A19B-923183ECCBD7}.Release|iPhoneSimulator.ActiveCfg = Release|Any CPU
		{A9B4B765-2AFA-47DC-A19B-923183ECCBD7}.Release|iPhoneSimulator.Build.0 = Release|Any CPU
		{A9B4B765-2AFA-47DC-A19B-923183ECCBD7}.Release|iPhoneSimulator.Deploy.0 = Release|Any CPU
		{79D9DE24-B448-4CB5-976E-C633FA2706CB}.Ad-Hoc|Any CPU.ActiveCfg = Ad-Hoc|iPhone
		{79D9DE24-B448-4CB5-976E-C633FA2706CB}.Ad-Hoc|iPhone.ActiveCfg = Ad-Hoc|iPhone
		{79D9DE24-B448-4CB5-976E-C633FA2706CB}.Ad-Hoc|iPhone.Build.0 = Ad-Hoc|iPhone
		{79D9DE24-B448-4CB5-976E-C633FA2706CB}.Ad-Hoc|iPhoneSimulator.ActiveCfg = Ad-Hoc|iPhoneSimulator
		{79D9DE24-B448-4CB5-976E-C633FA2706CB}.Ad-Hoc|iPhoneSimulator.Build.0 = Ad-Hoc|iPhoneSimulator
		{79D9DE24-B448-4CB5-976E-C633FA2706CB}.AppStore|Any CPU.ActiveCfg = AppStore|iPhone
		{79D9DE24-B448-4CB5-976E-C633FA2706CB}.AppStore|iPhone.ActiveCfg = AppStore|iPhone
		{79D9DE24-B448-4CB5-976E-C633FA2706CB}.AppStore|iPhone.Build.0 = AppStore|iPhone
		{79D9DE24-B448-4CB5-976E-C633FA2706CB}.AppStore|iPhoneSimulator.ActiveCfg = AppStore|iPhoneSimulator
		{79D9DE24-B448-4CB5-976E-C633FA2706CB}.AppStore|iPhoneSimulator.Build.0 = AppStore|iPhoneSimulator
		{79D9DE24-B448-4CB5-976E-C633FA2706CB}.Debug|Any CPU.ActiveCfg = Debug|iPhone
		{79D9DE24-B448-4CB5-976E-C633FA2706CB}.Debug|iPhone.ActiveCfg = Debug|iPhone
		{79D9DE24-B448-4CB5-976E-C633FA2706CB}.Debug|iPhone.Build.0 = Debug|iPhone
		{79D9DE24-B448-4CB5-976E-C633FA2706CB}.Debug|iPhoneSimulator.ActiveCfg = Debug|iPhoneSimulator
		{79D9DE24-B448-4CB5-976E-C633FA2706CB}.Debug|iPhoneSimulator.Build.0 = Debug|iPhoneSimulator
		{79D9DE24-B448-4CB5-976E-C633FA2706CB}.Release|Any CPU.ActiveCfg = Release|iPhone
		{79D9DE24-B448-4CB5-976E-C633FA2706CB}.Release|iPhone.ActiveCfg = Release|iPhone
		{79D9DE24-B448-4CB5-976E-C633FA2706CB}.Release|iPhone.Build.0 = Release|iPhone
		{79D9DE24-B448-4CB5-976E-C633FA2706CB}.Release|iPhoneSimulator.ActiveCfg = Release|iPhoneSimulator
		{79D9DE24-B448-4CB5-976E-C633FA2706CB}.Release|iPhoneSimulator.Build.0 = Release|iPhoneSimulator
	EndGlobalSection
	GlobalSection(SolutionProperties) = preSolution
		HideSolutionNode = FALSE
	EndGlobalSection
EndGlobal
